// !$*UTF8*$!
{
	archiveVersion = 1;
	classes = {
	};
	objectVersion = 51;
	objects = {

/* Begin PBXBuildFile section */
		535C63012332216B007CBB46 /* AppDelegate.swift in Sources */ = {isa = PBXBuildFile; fileRef = 535C63002332216B007CBB46 /* AppDelegate.swift */; };
		535C63032332216B007CBB46 /* ViewController.swift in Sources */ = {isa = PBXBuildFile; fileRef = 535C63022332216B007CBB46 /* ViewController.swift */; };
		535C63062332216B007CBB46 /* Main.storyboard in Resources */ = {isa = PBXBuildFile; fileRef = 535C63042332216B007CBB46 /* Main.storyboard */; };
		535C63082332216C007CBB46 /* Assets.xcassets in Resources */ = {isa = PBXBuildFile; fileRef = 535C63072332216C007CBB46 /* Assets.xcassets */; };
		535C630B2332216C007CBB46 /* LaunchScreen.storyboard in Resources */ = {isa = PBXBuildFile; fileRef = 535C63092332216C007CBB46 /* LaunchScreen.storyboard */; };
		535C6313233222B3007CBB46 /* JSONTableView.swift in Sources */ = {isa = PBXBuildFile; fileRef = 535C6312233222B3007CBB46 /* JSONTableView.swift */; };
		535C6317233373A2007CBB46 /* ditto.json in Resources */ = {isa = PBXBuildFile; fileRef = 535C6316233373A2007CBB46 /* ditto.json */; };
		53BD37F02487E1B30012077D /* Validation.swift in Sources */ = {isa = PBXBuildFile; fileRef = 53BD37EF2487E1B30012077D /* Validation.swift */; };
		AB86480046ECFDEB3A4015C7 /* Pods_JSONTableView.framework in Frameworks */ = {isa = PBXBuildFile; fileRef = 2F1136AE77E0AC62F269D171 /* Pods_JSONTableView.framework */; };
/* End PBXBuildFile section */

/* Begin PBXFileReference section */
		2F1136AE77E0AC62F269D171 /* Pods_JSONTableView.framework */ = {isa = PBXFileReference; explicitFileType = wrapper.framework; includeInIndex = 0; path = Pods_JSONTableView.framework; sourceTree = BUILT_PRODUCTS_DIR; };
		535C62FD2332216B007CBB46 /* JSONTableView.app */ = {isa = PBXFileReference; explicitFileType = wrapper.application; includeInIndex = 0; path = JSONTableView.app; sourceTree = BUILT_PRODUCTS_DIR; };
		535C63002332216B007CBB46 /* AppDelegate.swift */ = {isa = PBXFileReference; lastKnownFileType = sourcecode.swift; path = AppDelegate.swift; sourceTree = "<group>"; };
		535C63022332216B007CBB46 /* ViewController.swift */ = {isa = PBXFileReference; lastKnownFileType = sourcecode.swift; path = ViewController.swift; sourceTree = "<group>"; };
		535C63052332216B007CBB46 /* Base */ = {isa = PBXFileReference; lastKnownFileType = file.storyboard; name = Base; path = Base.lproj/Main.storyboard; sourceTree = "<group>"; };
		535C63072332216C007CBB46 /* Assets.xcassets */ = {isa = PBXFileReference; lastKnownFileType = folder.assetcatalog; path = Assets.xcassets; sourceTree = "<group>"; };
		535C630A2332216C007CBB46 /* Base */ = {isa = PBXFileReference; lastKnownFileType = file.storyboard; name = Base; path = Base.lproj/LaunchScreen.storyboard; sourceTree = "<group>"; };
		535C630C2332216C007CBB46 /* Info.plist */ = {isa = PBXFileReference; lastKnownFileType = text.plist.xml; path = Info.plist; sourceTree = "<group>"; };
		535C6312233222B3007CBB46 /* JSONTableView.swift */ = {isa = PBXFileReference; lastKnownFileType = sourcecode.swift; path = JSONTableView.swift; sourceTree = "<group>"; };
		535C6316233373A2007CBB46 /* ditto.json */ = {isa = PBXFileReference; lastKnownFileType = text.json; path = ditto.json; sourceTree = "<group>"; };
		53BD37EF2487E1B30012077D /* Validation.swift */ = {isa = PBXFileReference; lastKnownFileType = sourcecode.swift; path = Validation.swift; sourceTree = "<group>"; };
		838A8A153736777A078E321C /* Pods-JSONTableView.release.xcconfig */ = {isa = PBXFileReference; includeInIndex = 1; lastKnownFileType = text.xcconfig; name = "Pods-JSONTableView.release.xcconfig"; path = "Target Support Files/Pods-JSONTableView/Pods-JSONTableView.release.xcconfig"; sourceTree = "<group>"; };
		92D191F5EB06A869B7A14379 /* Pods-JSONTableView.debug.xcconfig */ = {isa = PBXFileReference; includeInIndex = 1; lastKnownFileType = text.xcconfig; name = "Pods-JSONTableView.debug.xcconfig"; path = "Target Support Files/Pods-JSONTableView/Pods-JSONTableView.debug.xcconfig"; sourceTree = "<group>"; };
/* End PBXFileReference section */

/* Begin PBXFrameworksBuildPhase section */
		535C62FA2332216B007CBB46 /* Frameworks */ = {
			isa = PBXFrameworksBuildPhase;
			buildActionMask = 2147483647;
			files = (
				AB86480046ECFDEB3A4015C7 /* Pods_JSONTableView.framework in Frameworks */,
			);
			runOnlyForDeploymentPostprocessing = 0;
		};
/* End PBXFrameworksBuildPhase section */

/* Begin PBXGroup section */
		535C62F42332216B007CBB46 = {
			isa = PBXGroup;
			children = (
				535C62FF2332216B007CBB46 /* JSONTableView */,
				535C62FE2332216B007CBB46 /* Products */,
				9DC931B69C41CD8163A4B258 /* Pods */,
				A2C5B0399ADB28D6231C00D3 /* Frameworks */,
			);
			sourceTree = "<group>";
		};
		535C62FE2332216B007CBB46 /* Products */ = {
			isa = PBXGroup;
			children = (
				535C62FD2332216B007CBB46 /* JSONTableView.app */,
			);
			name = Products;
			sourceTree = "<group>";
		};
		535C62FF2332216B007CBB46 /* JSONTableView */ = {
			isa = PBXGroup;
			children = (
				535C63002332216B007CBB46 /* AppDelegate.swift */,
				535C63022332216B007CBB46 /* ViewController.swift */,
				535C6312233222B3007CBB46 /* JSONTableView.swift */,
				53BD37EF2487E1B30012077D /* Validation.swift */,
				535C63042332216B007CBB46 /* Main.storyboard */,
				535C63072332216C007CBB46 /* Assets.xcassets */,
				535C63092332216C007CBB46 /* LaunchScreen.storyboard */,
				535C630C2332216C007CBB46 /* Info.plist */,
				535C6316233373A2007CBB46 /* ditto.json */,
			);
			path = JSONTableView;
			sourceTree = "<group>";
		};
		9DC931B69C41CD8163A4B258 /* Pods */ = {
			isa = PBXGroup;
			children = (
				92D191F5EB06A869B7A14379 /* Pods-JSONTableView.debug.xcconfig */,
				838A8A153736777A078E321C /* Pods-JSONTableView.release.xcconfig */,
			);
			path = Pods;
			sourceTree = "<group>";
		};
		A2C5B0399ADB28D6231C00D3 /* Frameworks */ = {
			isa = PBXGroup;
			children = (
				2F1136AE77E0AC62F269D171 /* Pods_JSONTableView.framework */,
			);
			name = Frameworks;
			sourceTree = "<group>";
		};
/* End PBXGroup section */

/* Begin PBXNativeTarget section */
		535C62FC2332216B007CBB46 /* JSONTableView */ = {
			isa = PBXNativeTarget;
			buildConfigurationList = 535C630F2332216C007CBB46 /* Build configuration list for PBXNativeTarget "JSONTableView" */;
			buildPhases = (
				B23EC560F89D6B3A1D2236CF /* [CP] Check Pods Manifest.lock */,
				535C62F92332216B007CBB46 /* Sources */,
				535C62FA2332216B007CBB46 /* Frameworks */,
				535C62FB2332216B007CBB46 /* Resources */,
				4A75DD4C9D6E75F7CBDD6278 /* [CP] Embed Pods Frameworks */,
			);
			buildRules = (
			);
			dependencies = (
			);
			name = JSONTableView;
			productName = JSONTableView;
			productReference = 535C62FD2332216B007CBB46 /* JSONTableView.app */;
			productType = "com.apple.product-type.application";
		};
/* End PBXNativeTarget section */

/* Begin PBXProject section */
		535C62F52332216B007CBB46 /* Project object */ = {
			isa = PBXProject;
			attributes = {
				LastSwiftUpdateCheck = 1020;
				LastUpgradeCheck = 1020;
				ORGANIZATIONNAME = cemolcay;
				TargetAttributes = {
					535C62FC2332216B007CBB46 = {
						CreatedOnToolsVersion = 10.2;
					};
				};
			};
			buildConfigurationList = 535C62F82332216B007CBB46 /* Build configuration list for PBXProject "JSONTableView" */;
			compatibilityVersion = "Xcode 9.3";
			developmentRegion = en;
			hasScannedForEncodings = 0;
			knownRegions = (
				en,
				Base,
			);
			mainGroup = 535C62F42332216B007CBB46;
			productRefGroup = 535C62FE2332216B007CBB46 /* Products */;
			projectDirPath = "";
			projectRoot = "";
			targets = (
				535C62FC2332216B007CBB46 /* JSONTableView */,
			);
		};
/* End PBXProject section */

/* Begin PBXResourcesBuildPhase section */
		535C62FB2332216B007CBB46 /* Resources */ = {
			isa = PBXResourcesBuildPhase;
			buildActionMask = 2147483647;
			files = (
				535C630B2332216C007CBB46 /* LaunchScreen.storyboard in Resources */,
				535C63082332216C007CBB46 /* Assets.xcassets in Resources */,
				535C6317233373A2007CBB46 /* ditto.json in Resources */,
				535C63062332216B007CBB46 /* Main.storyboard in Resources */,
			);
			runOnlyForDeploymentPostprocessing = 0;
		};
/* End PBXResourcesBuildPhase section */

/* Begin PBXShellScriptBuildPhase section */
		4A75DD4C9D6E75F7CBDD6278 /* [CP] Embed Pods Frameworks */ = {
			isa = PBXShellScriptBuildPhase;
			buildActionMask = 2147483647;
			files = (
			);
			inputFileListPaths = (
				"${PODS_ROOT}/Target Support Files/Pods-JSONTableView/Pods-JSONTableView-frameworks-${CONFIGURATION}-input-files.xcfilelist",
			);
			name = "[CP] Embed Pods Frameworks";
			outputFileListPaths = (
				"${PODS_ROOT}/Target Support Files/Pods-JSONTableView/Pods-JSONTableView-frameworks-${CONFIGURATION}-output-files.xcfilelist",
			);
			runOnlyForDeploymentPostprocessing = 0;
			shellPath = /bin/sh;
			shellScript = "\"${PODS_ROOT}/Target Support Files/Pods-JSONTableView/Pods-JSONTableView-frameworks.sh\"\n";
			showEnvVarsInLog = 0;
		};
		B23EC560F89D6B3A1D2236CF /* [CP] Check Pods Manifest.lock */ = {
			isa = PBXShellScriptBuildPhase;
			buildActionMask = 2147483647;
			files = (
			);
			inputFileListPaths = (
			);
			inputPaths = (
				"${PODS_PODFILE_DIR_PATH}/Podfile.lock",
				"${PODS_ROOT}/Manifest.lock",
			);
			name = "[CP] Check Pods Manifest.lock";
			outputFileListPaths = (
			);
			outputPaths = (
				"$(DERIVED_FILE_DIR)/Pods-JSONTableView-checkManifestLockResult.txt",
			);
			runOnlyForDeploymentPostprocessing = 0;
			shellPath = /bin/sh;
			shellScript = "diff \"${PODS_PODFILE_DIR_PATH}/Podfile.lock\" \"${PODS_ROOT}/Manifest.lock\" > /dev/null\nif [ $? != 0 ] ; then\n    # print error to STDERR\n    echo \"error: The sandbox is not in sync with the Podfile.lock. Run 'pod install' or update your CocoaPods installation.\" >&2\n    exit 1\nfi\n# This output is used by Xcode 'outputs' to avoid re-running this script phase.\necho \"SUCCESS\" > \"${SCRIPT_OUTPUT_FILE_0}\"\n";
			showEnvVarsInLog = 0;
		};
/* End PBXShellScriptBuildPhase section */

/* Begin PBXSourcesBuildPhase section */
		535C62F92332216B007CBB46 /* Sources */ = {
			isa = PBXSourcesBuildPhase;
			buildActionMask = 2147483647;
			files = (
				535C63032332216B007CBB46 /* ViewController.swift in Sources */,
				535C6313233222B3007CBB46 /* JSONTableView.swift in Sources */,
				53BD37F02487E1B30012077D /* Validation.swift in Sources */,
				535C63012332216B007CBB46 /* AppDelegate.swift in Sources */,
			);
			runOnlyForDeploymentPostprocessing = 0;
		};
/* End PBXSourcesBuildPhase section */

/* Begin PBXVariantGroup section */
		535C63042332216B007CBB46 /* Main.storyboard */ = {
			isa = PBXVariantGroup;
			children = (
				535C63052332216B007CBB46 /* Base */,
			);
			name = Main.storyboard;
			sourceTree = "<group>";
		};
		535C63092332216C007CBB46 /* LaunchScreen.storyboard */ = {
			isa = PBXVariantGroup;
			children = (
				535C630A2332216C007CBB46 /* Base */,
			);
			name = LaunchScreen.storyboard;
			sourceTree = "<group>";
		};
/* End PBXVariantGroup section */

/* Begin XCBuildConfiguration section */
		535C630D2332216C007CBB46 /* Debug */ = {
			isa = XCBuildConfiguration;
			buildSettings = {
				ALWAYS_SEARCH_USER_PATHS = NO;
				CLANG_ANALYZER_NONNULL = YES;
				CLANG_ANALYZER_NUMBER_OBJECT_CONVERSION = YES_AGGRESSIVE;
				CLANG_CXX_LANGUAGE_STANDARD = "gnu++14";
				CLANG_CXX_LIBRARY = "libc++";
				CLANG_ENABLE_MODULES = YES;
				CLANG_ENABLE_OBJC_ARC = YES;
				CLANG_ENABLE_OBJC_WEAK = YES;
				CLANG_WARN_BLOCK_CAPTURE_AUTORELEASING = YES;
				CLANG_WARN_BOOL_CONVERSION = YES;
				CLANG_WARN_COMMA = YES;
				CLANG_WARN_CONSTANT_CONVERSION = YES;
				CLANG_WARN_DEPRECATED_OBJC_IMPLEMENTATIONS = YES;
				CLANG_WARN_DIRECT_OBJC_ISA_USAGE = YES_ERROR;
				CLANG_WARN_DOCUMENTATION_COMMENTS = YES;
				CLANG_WARN_EMPTY_BODY = YES;
				CLANG_WARN_ENUM_CONVERSION = YES;
				CLANG_WARN_INFINITE_RECURSION = YES;
				CLANG_WARN_INT_CONVERSION = YES;
				CLANG_WARN_NON_LITERAL_NULL_CONVERSION = YES;
				CLANG_WARN_OBJC_IMPLICIT_RETAIN_SELF = YES;
				CLANG_WARN_OBJC_LITERAL_CONVERSION = YES;
				CLANG_WARN_OBJC_ROOT_CLASS = YES_ERROR;
				CLANG_WARN_RANGE_LOOP_ANALYSIS = YES;
				CLANG_WARN_STRICT_PROTOTYPES = YES;
				CLANG_WARN_SUSPICIOUS_MOVE = YES;
				CLANG_WARN_UNGUARDED_AVAILABILITY = YES_AGGRESSIVE;
				CLANG_WARN_UNREACHABLE_CODE = YES;
				CLANG_WARN__DUPLICATE_METHOD_MATCH = YES;
				CODE_SIGN_IDENTITY = "iPhone Developer";
				COPY_PHASE_STRIP = NO;
				DEBUG_INFORMATION_FORMAT = dwarf;
				ENABLE_STRICT_OBJC_MSGSEND = YES;
				ENABLE_TESTABILITY = YES;
				GCC_C_LANGUAGE_STANDARD = gnu11;
				GCC_DYNAMIC_NO_PIC = NO;
				GCC_NO_COMMON_BLOCKS = YES;
				GCC_OPTIMIZATION_LEVEL = 0;
				GCC_PREPROCESSOR_DEFINITIONS = (
					"DEBUG=1",
					"$(inherited)",
				);
				GCC_WARN_64_TO_32_BIT_CONVERSION = YES;
				GCC_WARN_ABOUT_RETURN_TYPE = YES_ERROR;
				GCC_WARN_UNDECLARED_SELECTOR = YES;
				GCC_WARN_UNINITIALIZED_AUTOS = YES_AGGRESSIVE;
				GCC_WARN_UNUSED_FUNCTION = YES;
				GCC_WARN_UNUSED_VARIABLE = YES;
				IPHONEOS_DEPLOYMENT_TARGET = 12.2;
				MTL_ENABLE_DEBUG_INFO = INCLUDE_SOURCE;
				MTL_FAST_MATH = YES;
				ONLY_ACTIVE_ARCH = YES;
				SDKROOT = iphoneos;
				SWIFT_ACTIVE_COMPILATION_CONDITIONS = DEBUG;
				SWIFT_OPTIMIZATION_LEVEL = "-Onone";
			};
			name = Debug;
		};
		535C630E2332216C007CBB46 /* Release */ = {
			isa = XCBuildConfiguration;
			buildSettings = {
				ALWAYS_SEARCH_USER_PATHS = NO;
				CLANG_ANALYZER_NONNULL = YES;
				CLANG_ANALYZER_NUMBER_OBJECT_CONVERSION = YES_AGGRESSIVE;
				CLANG_CXX_LANGUAGE_STANDARD = "gnu++14";
				CLANG_CXX_LIBRARY = "libc++";
				CLANG_ENABLE_MODULES = YES;
				CLANG_ENABLE_OBJC_ARC = YES;
				CLANG_ENABLE_OBJC_WEAK = YES;
				CLANG_WARN_BLOCK_CAPTURE_AUTORELEASING = YES;
				CLANG_WARN_BOOL_CONVERSION = YES;
				CLANG_WARN_COMMA = YES;
				CLANG_WARN_CONSTANT_CONVERSION = YES;
				CLANG_WARN_DEPRECATED_OBJC_IMPLEMENTATIONS = YES;
				CLANG_WARN_DIRECT_OBJC_ISA_USAGE = YES_ERROR;
				CLANG_WARN_DOCUMENTATION_COMMENTS = YES;
				CLANG_WARN_EMPTY_BODY = YES;
				CLANG_WARN_ENUM_CONVERSION = YES;
				CLANG_WARN_INFINITE_RECURSION = YES;
				CLANG_WARN_INT_CONVERSION = YES;
				CLANG_WARN_NON_LITERAL_NULL_CONVERSION = YES;
				CLANG_WARN_OBJC_IMPLICIT_RETAIN_SELF = YES;
				CLANG_WARN_OBJC_LITERAL_CONVERSION = YES;
				CLANG_WARN_OBJC_ROOT_CLASS = YES_ERROR;
				CLANG_WARN_RANGE_LOOP_ANALYSIS = YES;
				CLANG_WARN_STRICT_PROTOTYPES = YES;
				CLANG_WARN_SUSPICIOUS_MOVE = YES;
				CLANG_WARN_UNGUARDED_AVAILABILITY = YES_AGGRESSIVE;
				CLANG_WARN_UNREACHABLE_CODE = YES;
				CLANG_WARN__DUPLICATE_METHOD_MATCH = YES;
				CODE_SIGN_IDENTITY = "iPhone Developer";
				COPY_PHASE_STRIP = NO;
				DEBUG_INFORMATION_FORMAT = "dwarf-with-dsym";
				ENABLE_NS_ASSERTIONS = NO;
				ENABLE_STRICT_OBJC_MSGSEND = YES;
				GCC_C_LANGUAGE_STANDARD = gnu11;
				GCC_NO_COMMON_BLOCKS = YES;
				GCC_WARN_64_TO_32_BIT_CONVERSION = YES;
				GCC_WARN_ABOUT_RETURN_TYPE = YES_ERROR;
				GCC_WARN_UNDECLARED_SELECTOR = YES;
				GCC_WARN_UNINITIALIZED_AUTOS = YES_AGGRESSIVE;
				GCC_WARN_UNUSED_FUNCTION = YES;
				GCC_WARN_UNUSED_VARIABLE = YES;
				IPHONEOS_DEPLOYMENT_TARGET = 12.2;
				MTL_ENABLE_DEBUG_INFO = NO;
				MTL_FAST_MATH = YES;
				SDKROOT = iphoneos;
				SWIFT_COMPILATION_MODE = wholemodule;
				SWIFT_OPTIMIZATION_LEVEL = "-O";
				VALIDATE_PRODUCT = YES;
			};
			name = Release;
		};
		535C63102332216C007CBB46 /* Debug */ = {
			isa = XCBuildConfiguration;
			baseConfigurationReference = 92D191F5EB06A869B7A14379 /* Pods-JSONTableView.debug.xcconfig */;
			buildSettings = {
				ASSETCATALOG_COMPILER_APPICON_NAME = AppIcon;
				CODE_SIGN_STYLE = Automatic;
				DEVELOPMENT_TEAM = 77Y3N48SNF;
				INFOPLIST_FILE = JSONTableView/Info.plist;
				LD_RUNPATH_SEARCH_PATHS = (
					"$(inherited)",
					"@executable_path/Frameworks",
				);
				PRODUCT_BUNDLE_IDENTIFIER = com.cemolcay.JSONTableView;
				PRODUCT_NAME = "$(TARGET_NAME)";
				SWIFT_VERSION = 5.0;
				TARGETED_DEVICE_FAMILY = "1,2";
			};
			name = Debug;
		};
		535C63112332216C007CBB46 /* Release */ = {
			isa = XCBuildConfiguration;
			baseConfigurationReference = 838A8A153736777A078E321C /* Pods-JSONTableView.release.xcconfig */;
			buildSettings = {
				ASSETCATALOG_COMPILER_APPICON_NAME = AppIcon;
				CODE_SIGN_STYLE = Automatic;
				DEVELOPMENT_TEAM = 77Y3N48SNF;
				INFOPLIST_FILE = JSONTableView/Info.plist;
				LD_RUNPATH_SEARCH_PATHS = (
					"$(inherited)",
					"@executable_path/Frameworks",
				);
				PRODUCT_BUNDLE_IDENTIFIER = com.cemolcay.JSONTableView;
				PRODUCT_NAME = "$(TARGET_NAME)";
				SWIFT_VERSION = 5.0;
				TARGETED_DEVICE_FAMILY = "1,2";
			};
			name = Release;
		};
/* End XCBuildConfiguration section */

/* Begin XCConfigurationList section */
		535C62F82332216B007CBB46 /* Build configuration list for PBXProject "JSONTableView" */ = {
			isa = XCConfigurationList;
			buildConfigurations = (
				535C630D2332216C007CBB46 /* Debug */,
				535C630E2332216C007CBB46 /* Release */,
			);
			defaultConfigurationIsVisible = 0;
			defaultConfigurationName = Release;
		};
		535C630F2332216C007CBB46 /* Build configuration list for PBXNativeTarget "JSONTableView" */ = {
			isa = XCConfigurationList;
			buildConfigurations = (
				535C63102332216C007CBB46 /* Debug */,
				535C63112332216C007CBB46 /* Release */,
			);
			defaultConfigurationIsVisible = 0;
			defaultConfigurationName = Release;
		};
/* End XCConfigurationList section */
	};
	rootObject = 535C62F52332216B007CBB46 /* Project object */;
}
